
Microsoft Visual Studio Solution File, Format Version 12.00
# Visual Studio Version 17
VisualStudioVersion = 17.10.35201.131
MinimumVisualStudioVersion = 10.0.40219.1
Project("{8BC9CEB8-8B4A-11D0-8D11-00A0C91BC942}") = "slickcmd", "slickcmd.vcxproj", "{93C7F421-3775-407D-A522-9A4F0381411C}"
EndProject
Global
	GlobalSection(SolutionConfigurationPlatforms) = preSolution
		Debug|x64 = Debug|x64
		Debug|x86 = Debug|x86
		Release|x64 = Release|x64
		Release|x86 = Release|x86
	EndGlobalSection
	GlobalSection(ProjectConfigurationPlatforms) = postSolution
		{93C7F421-3775-407D-A522-9A4F0381411C}.Debug|x64.ActiveCfg = Debug|x64
		{93C7F421-3775-407D-A522-9A4F0381411C}.Debug|x64.Build.0 = Debug|x64
		{93C7F421-3775-407D-A522-9A4F0381411C}.Debug|x86.ActiveCfg = Debug|Win32
		{93C7F421-3775-407D-A522-9A4F0381411C}.Debug|x86.Build.0 = Debug|Win32
		{93C7F421-3775-407D-A522-9A4F0381411C}.Release|x64.ActiveCfg = Release|x64
		{93C7F421-3775-407D-A522-9A4F0381411C}.Release|x64.Build.0 = Release|x64
		{93C7F421-3775-407D-A522-9A4F0381411C}.Release|x86.ActiveCfg = Release|Win32
		{93C7F421-3775-407D-A522-9A4F0381411C}.Release|x86.Build.0 = Release|Win32
	EndGlobalSection
	GlobalSection(SolutionProperties) = preSolution
		HideSolutionNode = FALSE
	EndGlobalSection
	GlobalSection(ExtensibilityGlobals) = postSolution
		SolutionGuid = {CB940E34-008D-4ED6-97F7-D0AB51E625B0}
	EndGlobalSection
EndGlobal
